
Microsoft Visual Studio Solution File, Format Version 12.00
# Visual Studio Version 17
VisualStudioVersion = 17.2.32630.192
MinimumVisualStudioVersion = 10.0.40219.1
Project("{FAE04EC0-301F-11D3-BF4B-00C04F79EFBC}") = "LaPalmaTrailsAPI", "LaPalmaTrailsAPI\LaPalmaTrailsAPI.csproj", "{EF3C6D7E-5496-4D4C-BCE9-98B44B87784E}"
EndProject
Global
	GlobalSection(SolutionConfigurationPlatforms) = preSolution
		Debug|Any CPU = Debug|Any CPU
		Release|Any CPU = Release|Any CPU
	EndGlobalSection
	GlobalSection(ProjectConfigurationPlatforms) = postSolution
		{EF3C6D7E-5496-4D4C-BCE9-98B44B87784E}.Debug|Any CPU.ActiveCfg = Debug|Any CPU
		{EF3C6D7E-5496-4D4C-BCE9-98B44B87784E}.Debug|Any CPU.Build.0 = Debug|Any CPU
		{EF3C6D7E-5496-4D4C-BCE9-98B44B87784E}.Release|Any CPU.ActiveCfg = Release|Any CPU
		{EF3C6D7E-5496-4D4C-BCE9-98B44B87784E}.Release|Any CPU.Build.0 = Release|Any CPU
	EndGlobalSection
	GlobalSection(SolutionProperties) = preSolution
		HideSolutionNode = FALSE
	EndGlobalSection
	GlobalSection(ExtensibilityGlobals) = postSolution
		SolutionGuid = {606FC49A-AF92-4B2A-AD89-AAA4156169A0}
	EndGlobalSection
EndGlobal
